<?xml version="1.0" encoding="utf-8"?>
<Project ToolsVersion="4.0" xmlns="http://schemas.microsoft.com/developer/msbuild/2003">
  <ItemGroup>
    <ClCompile Include="TextureComp.cpp">
      <Filter>Components\Source Files</Filter>
    </ClCompile>
    <ClCompile Include="TransformComp.cpp">
      <Filter>Components\Source Files</Filter>
    </ClCompile>
    <ClCompile Include="InputComp.cpp" />
  </ItemGroup>
  <ItemGroup>
    <ClInclude Include="GameObject.h">
      <Filter>Header Files</Filter>
    </ClInclude>
    <ClInclude Include="Component.h">
      <Filter>Header Files</Filter>
    </ClInclude>
    <ClInclude Include="TextureComp.h">
      <Filter>Components\Header Files</Filter>
    </ClInclude>
    <ClInclude Include="TransformComp.h">
      <Filter>Components\Header Files</Filter>
    </ClInclude>
    <ClInclude Include="ComponentList.h">
      <Filter>Header Files</Filter>
    </ClInclude>
    <ClInclude Include="InputComp.h" />
  </ItemGroup>
  <ItemGroup>
    <Filter Include="Source Files">
      <UniqueIdentifier>{fc12f5a6-4c0f-4969-bdae-f4b716504bda}</UniqueIdentifier>
    </Filter>
    <Filter Include="Header Files">
      <UniqueIdentifier>{a48efebf-3dc9-42bd-abe1-183764a6fa35}</UniqueIdentifier>
    </Filter>
    <Filter Include="Components">
      <UniqueIdentifier>{53e4592c-06f8-4b65-80b8-268adc229acb}</UniqueIdentifier>
    </Filter>
    <Filter Include="Components\Header Files">
      <UniqueIdentifier>{32c23492-fe7b-48f5-b473-9502e88fc0b9}</UniqueIdentifier>
    </Filter>
    <Filter Include="Components\Source Files">
      <UniqueIdentifier>{d0134a94-0e16-4b5a-9381-f17b7cdebb1e}</UniqueIdentifier>
    </Filter>
  </ItemGroup>
</Project>