<?xml version="1.0" encoding="utf-8"?>
<Project ToolsVersion="4.0" xmlns="http://schemas.microsoft.com/developer/msbuild/2003">
  <ItemGroup>
    <Filter Include="Source Files">
      <UniqueIdentifier>{4FC737F1-C7A5-4376-A066-2A32D752A2FF}</UniqueIdentifier>
      <Extensions>cpp;c;cc;cxx;def;odl;idl;hpj;bat;asm;asmx</Extensions>
    </Filter>
    <Filter Include="Header Files">
      <UniqueIdentifier>{93995380-89BD-4b04-88EB-625FBE52EBFB}</UniqueIdentifier>
      <Extensions>h;hh;hpp;hxx;hm;inl;inc;xsd</Extensions>
    </Filter>
    <Filter Include="Resource Files">
      <UniqueIdentifier>{67DA6AB6-F800-4c08-8B7A-83BB121AAD01}</UniqueIdentifier>
      <Extensions>rc;ico;cur;bmp;dlg;rc2;rct;bin;rgs;gif;jpg;jpeg;jpe;resx;tiff;tif;png;wav;mfcribbon-ms</Extensions>
    </Filter>
    <Filter Include="Game state files">
      <UniqueIdentifier>{b59b5dd7-9abf-4e62-ab95-c46b112b296e}</UniqueIdentifier>
    </Filter>
    <Filter Include="Game state files\States">
      <UniqueIdentifier>{db031475-304c-45b9-ab95-791334642f2b}</UniqueIdentifier>
    </Filter>
  </ItemGroup>
  <ItemGroup>
    <ClCompile Include="Application2D.cpp">
      <Filter>Source Files</Filter>
    </ClCompile>
    <ClCompile Include="main.cpp">
      <Filter>Source Files</Filter>
    </ClCompile>
    <ClCompile Include="Animation.cpp">
      <Filter>Source Files</Filter>
    </ClCompile>
    <ClCompile Include="GameStateManager.cpp">
      <Filter>Game state files</Filter>
    </ClCompile>
    <ClCompile Include="MenuState.cpp">
      <Filter>Game state files\States</Filter>
    </ClCompile>
    <ClCompile Include="PauseState.cpp">
      <Filter>Game state files\States</Filter>
    </ClCompile>
    <ClCompile Include="InGameState.cpp">
      <Filter>Game state files\States</Filter>
    </ClCompile>
  </ItemGroup>
  <ItemGroup>
    <ClInclude Include="Application2D.h">
      <Filter>Header Files</Filter>
    </ClInclude>
    <ClInclude Include="Animation.h">
      <Filter>Header Files</Filter>
    </ClInclude>
    <ClInclude Include="GameStateManager.h">
      <Filter>Game state files</Filter>
    </ClInclude>
    <ClInclude Include="GameState.h">
      <Filter>Game state files</Filter>
    </ClInclude>
    <ClInclude Include="PauseState.h">
      <Filter>Game state files\States</Filter>
    </ClInclude>
    <ClInclude Include="MenuState.h">
      <Filter>Game state files\States</Filter>
    </ClInclude>
    <ClInclude Include="InGameState.h">
      <Filter>Game state files\States</Filter>
    </ClInclude>
  </ItemGroup>
</Project>